
Microsoft Visual Studio Solution File, Format Version 12.00
# Visual Studio 15
VisualStudioVersion = 15.0.28307.136
MinimumVisualStudioVersion = 10.0.40219.1
Project("{00D1A9C2-B5F0-4AF3-8072-F6C62B433612}") = "EcommerceDatabase", "EcommerceDatabase\EcommerceDatabase.sqlproj", "{AD05EF64-52FA-4BC3-86E2-7402278B9A54}"
EndProject
Global
	GlobalSection(SolutionConfigurationPlatforms) = preSolution
		Debug|Any CPU = Debug|Any CPU
		Release|Any CPU = Release|Any CPU
	EndGlobalSection
	GlobalSection(ProjectConfigurationPlatforms) = postSolution
		{AD05EF64-52FA-4BC3-86E2-7402278B9A54}.Debug|Any CPU.ActiveCfg = Debug|Any CPU
		{AD05EF64-52FA-4BC3-86E2-7402278B9A54}.Debug|Any CPU.Build.0 = Debug|Any CPU
		{AD05EF64-52FA-4BC3-86E2-7402278B9A54}.Debug|Any CPU.Deploy.0 = Debug|Any CPU
		{AD05EF64-52FA-4BC3-86E2-7402278B9A54}.Release|Any CPU.ActiveCfg = Release|Any CPU
		{AD05EF64-52FA-4BC3-86E2-7402278B9A54}.Release|Any CPU.Build.0 = Release|Any CPU
		{AD05EF64-52FA-4BC3-86E2-7402278B9A54}.Release|Any CPU.Deploy.0 = Release|Any CPU
	EndGlobalSection
	GlobalSection(SolutionProperties) = preSolution
		HideSolutionNode = FALSE
	EndGlobalSection
	GlobalSection(ExtensibilityGlobals) = postSolution
		SolutionGuid = {E90F2EF6-D324-4C70-A4CD-AB3EB4E15D30}
	EndGlobalSection
EndGlobal
